
Microsoft Visual Studio Solution File, Format Version 12.00
# Visual Studio Version 16
VisualStudioVersion = 16.0.29613.14
MinimumVisualStudioVersion = 10.0.40219.1
Project("{FAE04EC0-301F-11D3-BF4B-00C04F79EFBC}") = "Chess", "Chess\Chess.csproj", "{52077673-0FCC-40FA-B4B4-995B40EF6369}"
EndProject
Global
	GlobalSection(SolutionConfigurationPlatforms) = preSolution
		Debug|Any CPU = Debug|Any CPU
		Release|Any CPU = Release|Any CPU
	EndGlobalSection
	GlobalSection(ProjectConfigurationPlatforms) = postSolution
		{52077673-0FCC-40FA-B4B4-995B40EF6369}.Debug|Any CPU.ActiveCfg = Debug|Any CPU
		{52077673-0FCC-40FA-B4B4-995B40EF6369}.Debug|Any CPU.Build.0 = Debug|Any CPU
		{52077673-0FCC-40FA-B4B4-995B40EF6369}.Release|Any CPU.ActiveCfg = Release|Any CPU
		{52077673-0FCC-40FA-B4B4-995B40EF6369}.Release|Any CPU.Build.0 = Release|Any CPU
	EndGlobalSection
	GlobalSection(SolutionProperties) = preSolution
		HideSolutionNode = FALSE
	EndGlobalSection
	GlobalSection(ExtensibilityGlobals) = postSolution
		SolutionGuid = {31929416-EECF-401C-BC78-5829825E7A3F}
	EndGlobalSection
EndGlobal
